
Microsoft Visual Studio Solution File, Format Version 12.00
# Visual Studio Version 17
VisualStudioVersion = 17.0.32112.339
MinimumVisualStudioVersion = 10.0.40219.1
Project("{9A19103F-16F7-4668-BE54-9A1E7A4F7556}") = "CookingAssistantPlugin", "CookingAssistantPlugin.csproj", "{FFAA4D81-B2BA-4C49-9AC7-E1D3A7A1BC4A}"
EndProject
Global
	GlobalSection(SolutionConfigurationPlatforms) = preSolution
		Debug|Any CPU = Debug|Any CPU
		Release|Any CPU = Release|Any CPU
	EndGlobalSection
	GlobalSection(ProjectConfigurationPlatforms) = postSolution
		{FFAA4D81-B2BA-4C49-9AC7-E1D3A7A1BC4A}.Debug|Any CPU.ActiveCfg = Debug|Any CPU
		{FFAA4D81-B2BA-4C49-9AC7-E1D3A7A1BC4A}.Debug|Any CPU.Build.0 = Debug|Any CPU
		{FFAA4D81-B2BA-4C49-9AC7-E1D3A7A1BC4A}.Release|Any CPU.ActiveCfg = Release|Any CPU
		{FFAA4D81-B2BA-4C49-9AC7-E1D3A7A1BC4A}.Release|Any CPU.Build.0 = Release|Any CPU
	EndGlobalSection
	GlobalSection(SolutionProperties) = preSolution
		HideSolutionNode = FALSE
	EndGlobalSection
	GlobalSection(ExtensibilityGlobals) = postSolution
		SolutionGuid = {39B8B53E-A57B-4CD0-8C00-C4B8E265F9B7}
	EndGlobalSection
EndGlobal
